{
  "nodes": {
    "nixpkgs": {
      "locked": {
        "lastModified": 1733392399,
        "narHash": "sha256-kEsTJTUQfQFIJOcLYFt/RvNxIK653ZkTBIs4DG+cBns=",
        "owner": "nixos",
        "repo": "nixpkgs",
        "rev": "d0797a04b81caeae77bcff10a9dde78bc17f5661",
        "type": "github"
      },
      "original": {
        "owner": "nixos",
        "ref": "nixos-unstable",
        "repo": "nixpkgs",
        "type": "github"
      }
    },
    "root": {
      "inputs": {
        "nixpkgs": "nixpkgs",
        "rust-overlay": "rust-overlay"
      }
    },
    "rust-overlay": {
      "inputs": {
        "nixpkgs": [
          "nixpkgs"
        ]
      },
      "locked": {
        "lastModified": 1733538766,
        "narHash": "sha256-FEDfBpM82XGdHDbLDJC4lV+QXSVN1rERt1MqtBGJZds=",
        "owner": "oxalica",
        "repo": "rust-overlay",
        "rev": "66526479b295ad238843a8a7367d2da7ec102757",
        "type": "github"
      },
      "original": {
        "owner": "oxalica",
        "repo": "rust-overlay",
        "type": "github"
      }
    }
  },
  "root": "root",
  "version": 7
}
